
Microsoft Visual Studio Solution File, Format Version 12.00
# Visual Studio Version 17
VisualStudioVersion = 17.0.31903.59
MinimumVisualStudioVersion = 10.0.40219.1
Project("{FAE04EC0-301F-11D3-BF4B-00C04F79EFBC}") = "Abstractions", "Abstractions\Abstractions.csproj", "{E5CB27A1-CD94-405F-AE72-D21275BD0397}"
EndProject
Project("{FAE04EC0-301F-11D3-BF4B-00C04F79EFBC}") = "Domain", "Domain\Domain.csproj", "{1D963FB2-28D3-4DBE-8E00-37A25CD40129}"
EndProject
Project("{FAE04EC0-301F-11D3-BF4B-00C04F79EFBC}") = "Infrastructure", "Infrastructure\Infrastructure.csproj", "{CDBAF339-BFB6-45E4-B536-27687191419B}"
EndProject
Project("{FAE04EC0-301F-11D3-BF4B-00C04F79EFBC}") = "ConsoleApp", "ConsoleApp\ConsoleApp.csproj", "{1C49392C-798F-488D-BA56-B8E733125A11}"
EndProject
Project("{FAE04EC0-301F-11D3-BF4B-00C04F79EFBC}") = "Core", "Core\Core.csproj", "{F6B822A3-2F43-4554-86B5-A235227607AE}"
EndProject
Project("{FAE04EC0-301F-11D3-BF4B-00C04F79EFBC}") = "Domain.SourceGeneration", "Domain.SourceGeneration\Domain.SourceGeneration.csproj", "{E01554A7-29CB-4464-B45C-D2D5CB93C12B}"
EndProject
Project("{FAE04EC0-301F-11D3-BF4B-00C04F79EFBC}") = "Infrastructure.SourceGeneration", "Infrastructure.SourceGeneration\Infrastructure.SourceGeneration.csproj", "{CAEF721B-9996-4F3E-B4F0-0DC1E310086A}"
EndProject
Project("{FAE04EC0-301F-11D3-BF4B-00C04F79EFBC}") = "Proto.SourceGeneration", "Proto.SourceGeneration\Proto.SourceGeneration.csproj", "{7FD6BD75-E035-4690-AAAD-5EFEFF66BF6D}"
EndProject
Project("{FAE04EC0-301F-11D3-BF4B-00C04F79EFBC}") = "ProtoRepo", "ProtoRepo\ProtoRepo.csproj", "{37658938-25E7-4677-A098-63A3623C311B}"
EndProject
Project("{FAE04EC0-301F-11D3-BF4B-00C04F79EFBC}") = "Abstractions.SourceGeneration", "Abstractions.SourceGeneration\Abstractions.SourceGeneration.csproj", "{55550EEF-B1D7-411C-9EAA-E87C49BC20DF}"
EndProject
Project("{FAE04EC0-301F-11D3-BF4B-00C04F79EFBC}") = "Core.SourceGeneration", "Core.SourceGeneration\Core.SourceGeneration.csproj", "{B37796DF-4721-4C6C-A345-AAAB8A8CF682}"
EndProject
Project("{FAE04EC0-301F-11D3-BF4B-00C04F79EFBC}") = "ProjectScanner", "ProjectScanner\ProjectScanner.csproj", "{40D735B2-7958-46AE-BC78-B3B960343ECF}"
EndProject
Project("{FAE04EC0-301F-11D3-BF4B-00C04F79EFBC}") = "Domain.Projections", "Domain.Projections\Domain.Projections.csproj", "{63C9A055-40D0-42F5-8678-31BD43A30F2B}"
EndProject
Project("{FAE04EC0-301F-11D3-BF4B-00C04F79EFBC}") = "Host.Grpc", "Host.Grpc\Host.Grpc.csproj", "{40B376FD-4FD1-46EA-A4F6-40ECD250AE2C}"
EndProject
Project("{FAE04EC0-301F-11D3-BF4B-00C04F79EFBC}") = "Client.Infrastructure", "Client.Infrastructure\Client.Infrastructure.csproj", "{4E757D73-E6C5-40E1-AD34-D199BBE84F59}"
EndProject
Project("{FAE04EC0-301F-11D3-BF4B-00C04F79EFBC}") = "Domain.Infrastructure", "Domain.Infrastructure\Domain.Infrastructure.csproj", "{1C071E93-D533-475C-9A80-0A0BCF41C801}"
EndProject
Project("{FAE04EC0-301F-11D3-BF4B-00C04F79EFBC}") = "Domain.Client", "Domain.Client\Domain.Client.csproj", "{B436C551-BDFA-4D5E-B5E6-109593CF7961}"
EndProject
Project("{FAE04EC0-301F-11D3-BF4B-00C04F79EFBC}") = "Client.SourceGeneration", "Client.SourceGeneration\Client.SourceGeneration.csproj", "{62E00891-4986-460B-9810-A1D79A3B2513}"
EndProject
Project("{FAE04EC0-301F-11D3-BF4B-00C04F79EFBC}") = "Host.Blazor", "Host.Blazor\Host.Blazor.csproj", "{80AF6CA0-A896-4F05-A962-9C8A6701B258}"
EndProject
Project("{FAE04EC0-301F-11D3-BF4B-00C04F79EFBC}") = "Domain.Pipeline", "Domain.Pipeline\Domain.Pipeline.csproj", "{34B2F279-904E-4625-A142-F22BA9434738}"
EndProject
Project("{FAE04EC0-301F-11D3-BF4B-00C04F79EFBC}") = "GraphExtractor", "GraphExtractor\GraphExtractor.csproj", "{91E5BC89-692E-4F4F-9036-394211B0132B}"
EndProject
Global
	GlobalSection(SolutionConfigurationPlatforms) = preSolution
		Debug|Any CPU = Debug|Any CPU
		Debug|x64 = Debug|x64
		Debug|x86 = Debug|x86
		Release|Any CPU = Release|Any CPU
		Release|x64 = Release|x64
		Release|x86 = Release|x86
	EndGlobalSection
	GlobalSection(ProjectConfigurationPlatforms) = postSolution
		{E5CB27A1-CD94-405F-AE72-D21275BD0397}.Debug|Any CPU.ActiveCfg = Debug|Any CPU
		{E5CB27A1-CD94-405F-AE72-D21275BD0397}.Debug|Any CPU.Build.0 = Debug|Any CPU
		{E5CB27A1-CD94-405F-AE72-D21275BD0397}.Debug|x64.ActiveCfg = Debug|Any CPU
		{E5CB27A1-CD94-405F-AE72-D21275BD0397}.Debug|x64.Build.0 = Debug|Any CPU
		{E5CB27A1-CD94-405F-AE72-D21275BD0397}.Debug|x86.ActiveCfg = Debug|Any CPU
		{E5CB27A1-CD94-405F-AE72-D21275BD0397}.Debug|x86.Build.0 = Debug|Any CPU
		{E5CB27A1-CD94-405F-AE72-D21275BD0397}.Release|Any CPU.ActiveCfg = Release|Any CPU
		{E5CB27A1-CD94-405F-AE72-D21275BD0397}.Release|Any CPU.Build.0 = Release|Any CPU
		{E5CB27A1-CD94-405F-AE72-D21275BD0397}.Release|x64.ActiveCfg = Release|Any CPU
		{E5CB27A1-CD94-405F-AE72-D21275BD0397}.Release|x64.Build.0 = Release|Any CPU
		{E5CB27A1-CD94-405F-AE72-D21275BD0397}.Release|x86.ActiveCfg = Release|Any CPU
		{E5CB27A1-CD94-405F-AE72-D21275BD0397}.Release|x86.Build.0 = Release|Any CPU
		{1D963FB2-28D3-4DBE-8E00-37A25CD40129}.Debug|Any CPU.ActiveCfg = Debug|Any CPU
		{1D963FB2-28D3-4DBE-8E00-37A25CD40129}.Debug|Any CPU.Build.0 = Debug|Any CPU
		{1D963FB2-28D3-4DBE-8E00-37A25CD40129}.Debug|x64.ActiveCfg = Debug|Any CPU
		{1D963FB2-28D3-4DBE-8E00-37A25CD40129}.Debug|x64.Build.0 = Debug|Any CPU
		{1D963FB2-28D3-4DBE-8E00-37A25CD40129}.Debug|x86.ActiveCfg = Debug|Any CPU
		{1D963FB2-28D3-4DBE-8E00-37A25CD40129}.Debug|x86.Build.0 = Debug|Any CPU
		{1D963FB2-28D3-4DBE-8E00-37A25CD40129}.Release|Any CPU.ActiveCfg = Release|Any CPU
		{1D963FB2-28D3-4DBE-8E00-37A25CD40129}.Release|Any CPU.Build.0 = Release|Any CPU
		{1D963FB2-28D3-4DBE-8E00-37A25CD40129}.Release|x64.ActiveCfg = Release|Any CPU
		{1D963FB2-28D3-4DBE-8E00-37A25CD40129}.Release|x64.Build.0 = Release|Any CPU
		{1D963FB2-28D3-4DBE-8E00-37A25CD40129}.Release|x86.ActiveCfg = Release|Any CPU
		{1D963FB2-28D3-4DBE-8E00-37A25CD40129}.Release|x86.Build.0 = Release|Any CPU
		{CDBAF339-BFB6-45E4-B536-27687191419B}.Debug|Any CPU.ActiveCfg = Debug|Any CPU
		{CDBAF339-BFB6-45E4-B536-27687191419B}.Debug|Any CPU.Build.0 = Debug|Any CPU
		{CDBAF339-BFB6-45E4-B536-27687191419B}.Debug|x64.ActiveCfg = Debug|Any CPU
		{CDBAF339-BFB6-45E4-B536-27687191419B}.Debug|x64.Build.0 = Debug|Any CPU
		{CDBAF339-BFB6-45E4-B536-27687191419B}.Debug|x86.ActiveCfg = Debug|Any CPU
		{CDBAF339-BFB6-45E4-B536-27687191419B}.Debug|x86.Build.0 = Debug|Any CPU
		{CDBAF339-BFB6-45E4-B536-27687191419B}.Release|Any CPU.ActiveCfg = Release|Any CPU
		{CDBAF339-BFB6-45E4-B536-27687191419B}.Release|Any CPU.Build.0 = Release|Any CPU
		{CDBAF339-BFB6-45E4-B536-27687191419B}.Release|x64.ActiveCfg = Release|Any CPU
		{CDBAF339-BFB6-45E4-B536-27687191419B}.Release|x64.Build.0 = Release|Any CPU
		{CDBAF339-BFB6-45E4-B536-27687191419B}.Release|x86.ActiveCfg = Release|Any CPU
		{CDBAF339-BFB6-45E4-B536-27687191419B}.Release|x86.Build.0 = Release|Any CPU
		{1C49392C-798F-488D-BA56-B8E733125A11}.Debug|Any CPU.ActiveCfg = Debug|Any CPU
		{1C49392C-798F-488D-BA56-B8E733125A11}.Debug|Any CPU.Build.0 = Debug|Any CPU
		{1C49392C-798F-488D-BA56-B8E733125A11}.Debug|x64.ActiveCfg = Debug|Any CPU
		{1C49392C-798F-488D-BA56-B8E733125A11}.Debug|x64.Build.0 = Debug|Any CPU
		{1C49392C-798F-488D-BA56-B8E733125A11}.Debug|x86.ActiveCfg = Debug|Any CPU
		{1C49392C-798F-488D-BA56-B8E733125A11}.Debug|x86.Build.0 = Debug|Any CPU
		{1C49392C-798F-488D-BA56-B8E733125A11}.Release|Any CPU.ActiveCfg = Release|Any CPU
		{1C49392C-798F-488D-BA56-B8E733125A11}.Release|Any CPU.Build.0 = Release|Any CPU
		{1C49392C-798F-488D-BA56-B8E733125A11}.Release|x64.ActiveCfg = Release|Any CPU
		{1C49392C-798F-488D-BA56-B8E733125A11}.Release|x64.Build.0 = Release|Any CPU
		{1C49392C-798F-488D-BA56-B8E733125A11}.Release|x86.ActiveCfg = Release|Any CPU
		{1C49392C-798F-488D-BA56-B8E733125A11}.Release|x86.Build.0 = Release|Any CPU
		{F6B822A3-2F43-4554-86B5-A235227607AE}.Debug|Any CPU.ActiveCfg = Debug|Any CPU
		{F6B822A3-2F43-4554-86B5-A235227607AE}.Debug|Any CPU.Build.0 = Debug|Any CPU
		{F6B822A3-2F43-4554-86B5-A235227607AE}.Debug|x64.ActiveCfg = Debug|Any CPU
		{F6B822A3-2F43-4554-86B5-A235227607AE}.Debug|x64.Build.0 = Debug|Any CPU
		{F6B822A3-2F43-4554-86B5-A235227607AE}.Debug|x86.ActiveCfg = Debug|Any CPU
		{F6B822A3-2F43-4554-86B5-A235227607AE}.Debug|x86.Build.0 = Debug|Any CPU
		{F6B822A3-2F43-4554-86B5-A235227607AE}.Release|Any CPU.ActiveCfg = Release|Any CPU
		{F6B822A3-2F43-4554-86B5-A235227607AE}.Release|Any CPU.Build.0 = Release|Any CPU
		{F6B822A3-2F43-4554-86B5-A235227607AE}.Release|x64.ActiveCfg = Release|Any CPU
		{F6B822A3-2F43-4554-86B5-A235227607AE}.Release|x64.Build.0 = Release|Any CPU
		{F6B822A3-2F43-4554-86B5-A235227607AE}.Release|x86.ActiveCfg = Release|Any CPU
		{F6B822A3-2F43-4554-86B5-A235227607AE}.Release|x86.Build.0 = Release|Any CPU
		{E01554A7-29CB-4464-B45C-D2D5CB93C12B}.Debug|Any CPU.ActiveCfg = Debug|Any CPU
		{E01554A7-29CB-4464-B45C-D2D5CB93C12B}.Debug|Any CPU.Build.0 = Debug|Any CPU
		{E01554A7-29CB-4464-B45C-D2D5CB93C12B}.Debug|x64.ActiveCfg = Debug|Any CPU
		{E01554A7-29CB-4464-B45C-D2D5CB93C12B}.Debug|x64.Build.0 = Debug|Any CPU
		{E01554A7-29CB-4464-B45C-D2D5CB93C12B}.Debug|x86.ActiveCfg = Debug|Any CPU
		{E01554A7-29CB-4464-B45C-D2D5CB93C12B}.Debug|x86.Build.0 = Debug|Any CPU
		{E01554A7-29CB-4464-B45C-D2D5CB93C12B}.Release|Any CPU.ActiveCfg = Release|Any CPU
		{E01554A7-29CB-4464-B45C-D2D5CB93C12B}.Release|Any CPU.Build.0 = Release|Any CPU
		{E01554A7-29CB-4464-B45C-D2D5CB93C12B}.Release|x64.ActiveCfg = Release|Any CPU
		{E01554A7-29CB-4464-B45C-D2D5CB93C12B}.Release|x64.Build.0 = Release|Any CPU
		{E01554A7-29CB-4464-B45C-D2D5CB93C12B}.Release|x86.ActiveCfg = Release|Any CPU
		{E01554A7-29CB-4464-B45C-D2D5CB93C12B}.Release|x86.Build.0 = Release|Any CPU
		{CAEF721B-9996-4F3E-B4F0-0DC1E310086A}.Debug|Any CPU.ActiveCfg = Debug|Any CPU
		{CAEF721B-9996-4F3E-B4F0-0DC1E310086A}.Debug|Any CPU.Build.0 = Debug|Any CPU
		{CAEF721B-9996-4F3E-B4F0-0DC1E310086A}.Debug|x64.ActiveCfg = Debug|Any CPU
		{CAEF721B-9996-4F3E-B4F0-0DC1E310086A}.Debug|x64.Build.0 = Debug|Any CPU
		{CAEF721B-9996-4F3E-B4F0-0DC1E310086A}.Debug|x86.ActiveCfg = Debug|Any CPU
		{CAEF721B-9996-4F3E-B4F0-0DC1E310086A}.Debug|x86.Build.0 = Debug|Any CPU
		{CAEF721B-9996-4F3E-B4F0-0DC1E310086A}.Release|Any CPU.ActiveCfg = Release|Any CPU
		{CAEF721B-9996-4F3E-B4F0-0DC1E310086A}.Release|Any CPU.Build.0 = Release|Any CPU
		{CAEF721B-9996-4F3E-B4F0-0DC1E310086A}.Release|x64.ActiveCfg = Release|Any CPU
		{CAEF721B-9996-4F3E-B4F0-0DC1E310086A}.Release|x64.Build.0 = Release|Any CPU
		{CAEF721B-9996-4F3E-B4F0-0DC1E310086A}.Release|x86.ActiveCfg = Release|Any CPU
		{CAEF721B-9996-4F3E-B4F0-0DC1E310086A}.Release|x86.Build.0 = Release|Any CPU
		{7FD6BD75-E035-4690-AAAD-5EFEFF66BF6D}.Debug|Any CPU.ActiveCfg = Debug|Any CPU
		{7FD6BD75-E035-4690-AAAD-5EFEFF66BF6D}.Debug|Any CPU.Build.0 = Debug|Any CPU
		{7FD6BD75-E035-4690-AAAD-5EFEFF66BF6D}.Debug|x64.ActiveCfg = Debug|Any CPU
		{7FD6BD75-E035-4690-AAAD-5EFEFF66BF6D}.Debug|x64.Build.0 = Debug|Any CPU
		{7FD6BD75-E035-4690-AAAD-5EFEFF66BF6D}.Debug|x86.ActiveCfg = Debug|Any CPU
		{7FD6BD75-E035-4690-AAAD-5EFEFF66BF6D}.Debug|x86.Build.0 = Debug|Any CPU
		{7FD6BD75-E035-4690-AAAD-5EFEFF66BF6D}.Release|Any CPU.ActiveCfg = Release|Any CPU
		{7FD6BD75-E035-4690-AAAD-5EFEFF66BF6D}.Release|Any CPU.Build.0 = Release|Any CPU
		{7FD6BD75-E035-4690-AAAD-5EFEFF66BF6D}.Release|x64.ActiveCfg = Release|Any CPU
		{7FD6BD75-E035-4690-AAAD-5EFEFF66BF6D}.Release|x64.Build.0 = Release|Any CPU
		{7FD6BD75-E035-4690-AAAD-5EFEFF66BF6D}.Release|x86.ActiveCfg = Release|Any CPU
		{7FD6BD75-E035-4690-AAAD-5EFEFF66BF6D}.Release|x86.Build.0 = Release|Any CPU
		{37658938-25E7-4677-A098-63A3623C311B}.Debug|Any CPU.ActiveCfg = Debug|Any CPU
		{37658938-25E7-4677-A098-63A3623C311B}.Debug|Any CPU.Build.0 = Debug|Any CPU
		{37658938-25E7-4677-A098-63A3623C311B}.Debug|x64.ActiveCfg = Debug|Any CPU
		{37658938-25E7-4677-A098-63A3623C311B}.Debug|x64.Build.0 = Debug|Any CPU
		{37658938-25E7-4677-A098-63A3623C311B}.Debug|x86.ActiveCfg = Debug|Any CPU
		{37658938-25E7-4677-A098-63A3623C311B}.Debug|x86.Build.0 = Debug|Any CPU
		{37658938-25E7-4677-A098-63A3623C311B}.Release|Any CPU.ActiveCfg = Release|Any CPU
		{37658938-25E7-4677-A098-63A3623C311B}.Release|Any CPU.Build.0 = Release|Any CPU
		{37658938-25E7-4677-A098-63A3623C311B}.Release|x64.ActiveCfg = Release|Any CPU
		{37658938-25E7-4677-A098-63A3623C311B}.Release|x64.Build.0 = Release|Any CPU
		{37658938-25E7-4677-A098-63A3623C311B}.Release|x86.ActiveCfg = Release|Any CPU
		{37658938-25E7-4677-A098-63A3623C311B}.Release|x86.Build.0 = Release|Any CPU
		{55550EEF-B1D7-411C-9EAA-E87C49BC20DF}.Debug|Any CPU.ActiveCfg = Debug|Any CPU
		{55550EEF-B1D7-411C-9EAA-E87C49BC20DF}.Debug|Any CPU.Build.0 = Debug|Any CPU
		{55550EEF-B1D7-411C-9EAA-E87C49BC20DF}.Debug|x64.ActiveCfg = Debug|Any CPU
		{55550EEF-B1D7-411C-9EAA-E87C49BC20DF}.Debug|x64.Build.0 = Debug|Any CPU
		{55550EEF-B1D7-411C-9EAA-E87C49BC20DF}.Debug|x86.ActiveCfg = Debug|Any CPU
		{55550EEF-B1D7-411C-9EAA-E87C49BC20DF}.Debug|x86.Build.0 = Debug|Any CPU
		{55550EEF-B1D7-411C-9EAA-E87C49BC20DF}.Release|Any CPU.ActiveCfg = Release|Any CPU
		{55550EEF-B1D7-411C-9EAA-E87C49BC20DF}.Release|Any CPU.Build.0 = Release|Any CPU
		{55550EEF-B1D7-411C-9EAA-E87C49BC20DF}.Release|x64.ActiveCfg = Release|Any CPU
		{55550EEF-B1D7-411C-9EAA-E87C49BC20DF}.Release|x64.Build.0 = Release|Any CPU
		{55550EEF-B1D7-411C-9EAA-E87C49BC20DF}.Release|x86.ActiveCfg = Release|Any CPU
		{55550EEF-B1D7-411C-9EAA-E87C49BC20DF}.Release|x86.Build.0 = Release|Any CPU
		{B37796DF-4721-4C6C-A345-AAAB8A8CF682}.Debug|Any CPU.ActiveCfg = Debug|Any CPU
		{B37796DF-4721-4C6C-A345-AAAB8A8CF682}.Debug|Any CPU.Build.0 = Debug|Any CPU
		{B37796DF-4721-4C6C-A345-AAAB8A8CF682}.Debug|x64.ActiveCfg = Debug|Any CPU
		{B37796DF-4721-4C6C-A345-AAAB8A8CF682}.Debug|x64.Build.0 = Debug|Any CPU
		{B37796DF-4721-4C6C-A345-AAAB8A8CF682}.Debug|x86.ActiveCfg = Debug|Any CPU
		{B37796DF-4721-4C6C-A345-AAAB8A8CF682}.Debug|x86.Build.0 = Debug|Any CPU
		{B37796DF-4721-4C6C-A345-AAAB8A8CF682}.Release|Any CPU.ActiveCfg = Release|Any CPU
		{B37796DF-4721-4C6C-A345-AAAB8A8CF682}.Release|Any CPU.Build.0 = Release|Any CPU
		{B37796DF-4721-4C6C-A345-AAAB8A8CF682}.Release|x64.ActiveCfg = Release|Any CPU
		{B37796DF-4721-4C6C-A345-AAAB8A8CF682}.Release|x64.Build.0 = Release|Any CPU
		{B37796DF-4721-4C6C-A345-AAAB8A8CF682}.Release|x86.ActiveCfg = Release|Any CPU
		{B37796DF-4721-4C6C-A345-AAAB8A8CF682}.Release|x86.Build.0 = Release|Any CPU
		{40D735B2-7958-46AE-BC78-B3B960343ECF}.Debug|Any CPU.ActiveCfg = Debug|Any CPU
		{40D735B2-7958-46AE-BC78-B3B960343ECF}.Debug|Any CPU.Build.0 = Debug|Any CPU
		{40D735B2-7958-46AE-BC78-B3B960343ECF}.Debug|x64.ActiveCfg = Debug|Any CPU
		{40D735B2-7958-46AE-BC78-B3B960343ECF}.Debug|x64.Build.0 = Debug|Any CPU
		{40D735B2-7958-46AE-BC78-B3B960343ECF}.Debug|x86.ActiveCfg = Debug|Any CPU
		{40D735B2-7958-46AE-BC78-B3B960343ECF}.Debug|x86.Build.0 = Debug|Any CPU
		{40D735B2-7958-46AE-BC78-B3B960343ECF}.Release|Any CPU.ActiveCfg = Release|Any CPU
		{40D735B2-7958-46AE-BC78-B3B960343ECF}.Release|Any CPU.Build.0 = Release|Any CPU
		{40D735B2-7958-46AE-BC78-B3B960343ECF}.Release|x64.ActiveCfg = Release|Any CPU
		{40D735B2-7958-46AE-BC78-B3B960343ECF}.Release|x64.Build.0 = Release|Any CPU
		{40D735B2-7958-46AE-BC78-B3B960343ECF}.Release|x86.ActiveCfg = Release|Any CPU
		{40D735B2-7958-46AE-BC78-B3B960343ECF}.Release|x86.Build.0 = Release|Any CPU
		{63C9A055-40D0-42F5-8678-31BD43A30F2B}.Debug|Any CPU.ActiveCfg = Debug|Any CPU
		{63C9A055-40D0-42F5-8678-31BD43A30F2B}.Debug|Any CPU.Build.0 = Debug|Any CPU
		{63C9A055-40D0-42F5-8678-31BD43A30F2B}.Debug|x64.ActiveCfg = Debug|Any CPU
		{63C9A055-40D0-42F5-8678-31BD43A30F2B}.Debug|x64.Build.0 = Debug|Any CPU
		{63C9A055-40D0-42F5-8678-31BD43A30F2B}.Debug|x86.ActiveCfg = Debug|Any CPU
		{63C9A055-40D0-42F5-8678-31BD43A30F2B}.Debug|x86.Build.0 = Debug|Any CPU
		{63C9A055-40D0-42F5-8678-31BD43A30F2B}.Release|Any CPU.ActiveCfg = Release|Any CPU
		{63C9A055-40D0-42F5-8678-31BD43A30F2B}.Release|Any CPU.Build.0 = Release|Any CPU
		{63C9A055-40D0-42F5-8678-31BD43A30F2B}.Release|x64.ActiveCfg = Release|Any CPU
		{63C9A055-40D0-42F5-8678-31BD43A30F2B}.Release|x64.Build.0 = Release|Any CPU
		{63C9A055-40D0-42F5-8678-31BD43A30F2B}.Release|x86.ActiveCfg = Release|Any CPU
		{63C9A055-40D0-42F5-8678-31BD43A30F2B}.Release|x86.Build.0 = Release|Any CPU
		{40B376FD-4FD1-46EA-A4F6-40ECD250AE2C}.Debug|Any CPU.ActiveCfg = Debug|Any CPU
		{40B376FD-4FD1-46EA-A4F6-40ECD250AE2C}.Debug|Any CPU.Build.0 = Debug|Any CPU
		{40B376FD-4FD1-46EA-A4F6-40ECD250AE2C}.Debug|x64.ActiveCfg = Debug|Any CPU
		{40B376FD-4FD1-46EA-A4F6-40ECD250AE2C}.Debug|x64.Build.0 = Debug|Any CPU
		{40B376FD-4FD1-46EA-A4F6-40ECD250AE2C}.Debug|x86.ActiveCfg = Debug|Any CPU
		{40B376FD-4FD1-46EA-A4F6-40ECD250AE2C}.Debug|x86.Build.0 = Debug|Any CPU
		{40B376FD-4FD1-46EA-A4F6-40ECD250AE2C}.Release|Any CPU.ActiveCfg = Release|Any CPU
		{40B376FD-4FD1-46EA-A4F6-40ECD250AE2C}.Release|Any CPU.Build.0 = Release|Any CPU
		{40B376FD-4FD1-46EA-A4F6-40ECD250AE2C}.Release|x64.ActiveCfg = Release|Any CPU
		{40B376FD-4FD1-46EA-A4F6-40ECD250AE2C}.Release|x64.Build.0 = Release|Any CPU
		{40B376FD-4FD1-46EA-A4F6-40ECD250AE2C}.Release|x86.ActiveCfg = Release|Any CPU
		{40B376FD-4FD1-46EA-A4F6-40ECD250AE2C}.Release|x86.Build.0 = Release|Any CPU
		{4E757D73-E6C5-40E1-AD34-D199BBE84F59}.Debug|Any CPU.ActiveCfg = Debug|Any CPU
		{4E757D73-E6C5-40E1-AD34-D199BBE84F59}.Debug|Any CPU.Build.0 = Debug|Any CPU
		{4E757D73-E6C5-40E1-AD34-D199BBE84F59}.Debug|x64.ActiveCfg = Debug|Any CPU
		{4E757D73-E6C5-40E1-AD34-D199BBE84F59}.Debug|x64.Build.0 = Debug|Any CPU
		{4E757D73-E6C5-40E1-AD34-D199BBE84F59}.Debug|x86.ActiveCfg = Debug|Any CPU
		{4E757D73-E6C5-40E1-AD34-D199BBE84F59}.Debug|x86.Build.0 = Debug|Any CPU
		{4E757D73-E6C5-40E1-AD34-D199BBE84F59}.Release|Any CPU.ActiveCfg = Release|Any CPU
		{4E757D73-E6C5-40E1-AD34-D199BBE84F59}.Release|Any CPU.Build.0 = Release|Any CPU
		{4E757D73-E6C5-40E1-AD34-D199BBE84F59}.Release|x64.ActiveCfg = Release|Any CPU
		{4E757D73-E6C5-40E1-AD34-D199BBE84F59}.Release|x64.Build.0 = Release|Any CPU
		{4E757D73-E6C5-40E1-AD34-D199BBE84F59}.Release|x86.ActiveCfg = Release|Any CPU
		{4E757D73-E6C5-40E1-AD34-D199BBE84F59}.Release|x86.Build.0 = Release|Any CPU
		{1C071E93-D533-475C-9A80-0A0BCF41C801}.Debug|Any CPU.ActiveCfg = Debug|Any CPU
		{1C071E93-D533-475C-9A80-0A0BCF41C801}.Debug|Any CPU.Build.0 = Debug|Any CPU
		{1C071E93-D533-475C-9A80-0A0BCF41C801}.Debug|x64.ActiveCfg = Debug|Any CPU
		{1C071E93-D533-475C-9A80-0A0BCF41C801}.Debug|x64.Build.0 = Debug|Any CPU
		{1C071E93-D533-475C-9A80-0A0BCF41C801}.Debug|x86.ActiveCfg = Debug|Any CPU
		{1C071E93-D533-475C-9A80-0A0BCF41C801}.Debug|x86.Build.0 = Debug|Any CPU
		{1C071E93-D533-475C-9A80-0A0BCF41C801}.Release|Any CPU.ActiveCfg = Release|Any CPU
		{1C071E93-D533-475C-9A80-0A0BCF41C801}.Release|Any CPU.Build.0 = Release|Any CPU
		{1C071E93-D533-475C-9A80-0A0BCF41C801}.Release|x64.ActiveCfg = Release|Any CPU
		{1C071E93-D533-475C-9A80-0A0BCF41C801}.Release|x64.Build.0 = Release|Any CPU
		{1C071E93-D533-475C-9A80-0A0BCF41C801}.Release|x86.ActiveCfg = Release|Any CPU
		{1C071E93-D533-475C-9A80-0A0BCF41C801}.Release|x86.Build.0 = Release|Any CPU
		{B436C551-BDFA-4D5E-B5E6-109593CF7961}.Debug|Any CPU.ActiveCfg = Debug|Any CPU
		{B436C551-BDFA-4D5E-B5E6-109593CF7961}.Debug|Any CPU.Build.0 = Debug|Any CPU
		{B436C551-BDFA-4D5E-B5E6-109593CF7961}.Debug|x64.ActiveCfg = Debug|Any CPU
		{B436C551-BDFA-4D5E-B5E6-109593CF7961}.Debug|x64.Build.0 = Debug|Any CPU
		{B436C551-BDFA-4D5E-B5E6-109593CF7961}.Debug|x86.ActiveCfg = Debug|Any CPU
		{B436C551-BDFA-4D5E-B5E6-109593CF7961}.Debug|x86.Build.0 = Debug|Any CPU
		{B436C551-BDFA-4D5E-B5E6-109593CF7961}.Release|Any CPU.ActiveCfg = Release|Any CPU
		{B436C551-BDFA-4D5E-B5E6-109593CF7961}.Release|Any CPU.Build.0 = Release|Any CPU
		{B436C551-BDFA-4D5E-B5E6-109593CF7961}.Release|x64.ActiveCfg = Release|Any CPU
		{B436C551-BDFA-4D5E-B5E6-109593CF7961}.Release|x64.Build.0 = Release|Any CPU
		{B436C551-BDFA-4D5E-B5E6-109593CF7961}.Release|x86.ActiveCfg = Release|Any CPU
		{B436C551-BDFA-4D5E-B5E6-109593CF7961}.Release|x86.Build.0 = Release|Any CPU
		{62E00891-4986-460B-9810-A1D79A3B2513}.Debug|Any CPU.ActiveCfg = Debug|Any CPU
		{62E00891-4986-460B-9810-A1D79A3B2513}.Debug|Any CPU.Build.0 = Debug|Any CPU
		{62E00891-4986-460B-9810-A1D79A3B2513}.Debug|x64.ActiveCfg = Debug|Any CPU
		{62E00891-4986-460B-9810-A1D79A3B2513}.Debug|x64.Build.0 = Debug|Any CPU
		{62E00891-4986-460B-9810-A1D79A3B2513}.Debug|x86.ActiveCfg = Debug|Any CPU
		{62E00891-4986-460B-9810-A1D79A3B2513}.Debug|x86.Build.0 = Debug|Any CPU
		{62E00891-4986-460B-9810-A1D79A3B2513}.Release|Any CPU.ActiveCfg = Release|Any CPU
		{62E00891-4986-460B-9810-A1D79A3B2513}.Release|Any CPU.Build.0 = Release|Any CPU
		{62E00891-4986-460B-9810-A1D79A3B2513}.Release|x64.ActiveCfg = Release|Any CPU
		{62E00891-4986-460B-9810-A1D79A3B2513}.Release|x64.Build.0 = Release|Any CPU
		{62E00891-4986-460B-9810-A1D79A3B2513}.Release|x86.ActiveCfg = Release|Any CPU
		{62E00891-4986-460B-9810-A1D79A3B2513}.Release|x86.Build.0 = Release|Any CPU
		{80AF6CA0-A896-4F05-A962-9C8A6701B258}.Debug|Any CPU.ActiveCfg = Debug|Any CPU
		{80AF6CA0-A896-4F05-A962-9C8A6701B258}.Debug|Any CPU.Build.0 = Debug|Any CPU
		{80AF6CA0-A896-4F05-A962-9C8A6701B258}.Debug|x64.ActiveCfg = Debug|Any CPU
		{80AF6CA0-A896-4F05-A962-9C8A6701B258}.Debug|x64.Build.0 = Debug|Any CPU
		{80AF6CA0-A896-4F05-A962-9C8A6701B258}.Debug|x86.ActiveCfg = Debug|Any CPU
		{80AF6CA0-A896-4F05-A962-9C8A6701B258}.Debug|x86.Build.0 = Debug|Any CPU
		{80AF6CA0-A896-4F05-A962-9C8A6701B258}.Release|Any CPU.ActiveCfg = Release|Any CPU
		{80AF6CA0-A896-4F05-A962-9C8A6701B258}.Release|Any CPU.Build.0 = Release|Any CPU
		{80AF6CA0-A896-4F05-A962-9C8A6701B258}.Release|x64.ActiveCfg = Release|Any CPU
		{80AF6CA0-A896-4F05-A962-9C8A6701B258}.Release|x64.Build.0 = Release|Any CPU
		{80AF6CA0-A896-4F05-A962-9C8A6701B258}.Release|x86.ActiveCfg = Release|Any CPU
		{80AF6CA0-A896-4F05-A962-9C8A6701B258}.Release|x86.Build.0 = Release|Any CPU
		{34B2F279-904E-4625-A142-F22BA9434738}.Debug|Any CPU.ActiveCfg = Debug|Any CPU
		{34B2F279-904E-4625-A142-F22BA9434738}.Debug|Any CPU.Build.0 = Debug|Any CPU
		{34B2F279-904E-4625-A142-F22BA9434738}.Debug|x64.ActiveCfg = Debug|Any CPU
		{34B2F279-904E-4625-A142-F22BA9434738}.Debug|x64.Build.0 = Debug|Any CPU
		{34B2F279-904E-4625-A142-F22BA9434738}.Debug|x86.ActiveCfg = Debug|Any CPU
		{34B2F279-904E-4625-A142-F22BA9434738}.Debug|x86.Build.0 = Debug|Any CPU
		{34B2F279-904E-4625-A142-F22BA9434738}.Release|Any CPU.ActiveCfg = Release|Any CPU
		{34B2F279-904E-4625-A142-F22BA9434738}.Release|Any CPU.Build.0 = Release|Any CPU
		{34B2F279-904E-4625-A142-F22BA9434738}.Release|x64.ActiveCfg = Release|Any CPU
		{34B2F279-904E-4625-A142-F22BA9434738}.Release|x64.Build.0 = Release|Any CPU
		{34B2F279-904E-4625-A142-F22BA9434738}.Release|x86.ActiveCfg = Release|Any CPU
		{34B2F279-904E-4625-A142-F22BA9434738}.Release|x86.Build.0 = Release|Any CPU
		{91E5BC89-692E-4F4F-9036-394211B0132B}.Debug|Any CPU.ActiveCfg = Debug|Any CPU
		{91E5BC89-692E-4F4F-9036-394211B0132B}.Debug|Any CPU.Build.0 = Debug|Any CPU
		{91E5BC89-692E-4F4F-9036-394211B0132B}.Debug|x64.ActiveCfg = Debug|Any CPU
		{91E5BC89-692E-4F4F-9036-394211B0132B}.Debug|x64.Build.0 = Debug|Any CPU
		{91E5BC89-692E-4F4F-9036-394211B0132B}.Debug|x86.ActiveCfg = Debug|Any CPU
		{91E5BC89-692E-4F4F-9036-394211B0132B}.Debug|x86.Build.0 = Debug|Any CPU
		{91E5BC89-692E-4F4F-9036-394211B0132B}.Release|Any CPU.ActiveCfg = Release|Any CPU
		{91E5BC89-692E-4F4F-9036-394211B0132B}.Release|Any CPU.Build.0 = Release|Any CPU
		{91E5BC89-692E-4F4F-9036-394211B0132B}.Release|x64.ActiveCfg = Release|Any CPU
		{91E5BC89-692E-4F4F-9036-394211B0132B}.Release|x64.Build.0 = Release|Any CPU
		{91E5BC89-692E-4F4F-9036-394211B0132B}.Release|x86.ActiveCfg = Release|Any CPU
		{91E5BC89-692E-4F4F-9036-394211B0132B}.Release|x86.Build.0 = Release|Any CPU
	EndGlobalSection
	GlobalSection(SolutionProperties) = preSolution
		HideSolutionNode = FALSE
	EndGlobalSection
EndGlobal
